
Microsoft Visual Studio Solution File, Format Version 12.00
# Visual Studio 15
Project("{FAE04EC0-301F-11D3-BF4B-00C04F79EFBC}") = "qtz_test", "qtz_test\qtz_test.csproj", "{0C3AC012-7CD7-43FF-B324-31D702879DC8}"
EndProject
Global
	GlobalSection(SolutionConfigurationPlatforms) = preSolution
		Debug|Any CPU = Debug|Any CPU
		Release|Any CPU = Release|Any CPU
	EndGlobalSection
	GlobalSection(ProjectConfigurationPlatforms) = postSolution
		{0C3AC012-7CD7-43FF-B324-31D702879DC8}.Debug|Any CPU.ActiveCfg = Debug|Any CPU
		{0C3AC012-7CD7-43FF-B324-31D702879DC8}.Debug|Any CPU.Build.0 = Debug|Any CPU
		{0C3AC012-7CD7-43FF-B324-31D702879DC8}.Release|Any CPU.ActiveCfg = Release|Any CPU
		{0C3AC012-7CD7-43FF-B324-31D702879DC8}.Release|Any CPU.Build.0 = Release|Any CPU
	EndGlobalSection
EndGlobal
